
Microsoft Visual Studio Solution File, Format Version 12.00
# Visual Studio 14
VisualStudioVersion = 14.0.24720.0
MinimumVisualStudioVersion = 10.0.40219.1
Project("{FAE04EC0-301F-11D3-BF4B-00C04F79EFBC}") = "AuthApi", "AuthApi\AuthApi.csproj", "{D139AAD8-9A3B-4881-9DD9-D56204781CC6}"
EndProject
Global
	GlobalSection(SolutionConfigurationPlatforms) = preSolution
		Debug|Any CPU = Debug|Any CPU
		Release|Any CPU = Release|Any CPU
	EndGlobalSection
	GlobalSection(ProjectConfigurationPlatforms) = postSolution
		{D139AAD8-9A3B-4881-9DD9-D56204781CC6}.Debug|Any CPU.ActiveCfg = Debug|Any CPU
		{D139AAD8-9A3B-4881-9DD9-D56204781CC6}.Debug|Any CPU.Build.0 = Debug|Any CPU
		{D139AAD8-9A3B-4881-9DD9-D56204781CC6}.Release|Any CPU.ActiveCfg = Release|Any CPU
		{D139AAD8-9A3B-4881-9DD9-D56204781CC6}.Release|Any CPU.Build.0 = Release|Any CPU
	EndGlobalSection
	GlobalSection(SolutionProperties) = preSolution
		HideSolutionNode = FALSE
	EndGlobalSection
EndGlobal
